
Microsoft Visual Studio Solution File, Format Version 12.00
# Visual Studio Version 17
VisualStudioVersion = 17.10.35013.160
MinimumVisualStudioVersion = 10.0.40219.1
Project("{FAE04EC0-301F-11D3-BF4B-00C04F79EFBC}") = "Topic 4 - Assignment", "Topic 4 - Assignment\Topic 4 - Assignment.csproj", "{87605A63-8FB5-45A7-B0B2-4628B0A62F62}"
EndProject
Global
	GlobalSection(SolutionConfigurationPlatforms) = preSolution
		Debug|Any CPU = Debug|Any CPU
		Release|Any CPU = Release|Any CPU
	EndGlobalSection
	GlobalSection(ProjectConfigurationPlatforms) = postSolution
		{87605A63-8FB5-45A7-B0B2-4628B0A62F62}.Debug|Any CPU.ActiveCfg = Debug|Any CPU
		{87605A63-8FB5-45A7-B0B2-4628B0A62F62}.Debug|Any CPU.Build.0 = Debug|Any CPU
		{87605A63-8FB5-45A7-B0B2-4628B0A62F62}.Release|Any CPU.ActiveCfg = Release|Any CPU
		{87605A63-8FB5-45A7-B0B2-4628B0A62F62}.Release|Any CPU.Build.0 = Release|Any CPU
	EndGlobalSection
	GlobalSection(SolutionProperties) = preSolution
		HideSolutionNode = FALSE
	EndGlobalSection
	GlobalSection(ExtensibilityGlobals) = postSolution
		SolutionGuid = {448D3BFC-230A-47B8-8799-3107F0CC5EFE}
	EndGlobalSection
EndGlobal
